// !$*UTF8*$!
{
	archiveVersion = 1;
	classes = {
	};
	objectVersion = 46;
	objects = {

/* Begin PBXBuildFile section */
		304CDD7C1D8622410017D828 /* AppDelegate.swift in Sources */ = {isa = PBXBuildFile; fileRef = 304CDD7B1D8622410017D828 /* AppDelegate.swift */; };
		304CDD7E1D8622410017D828 /* ContactListViewController.swift in Sources */ = {isa = PBXBuildFile; fileRef = 304CDD7D1D8622410017D828 /* ContactListViewController.swift */; };
		304CDD801D8622410017D828 /* NewContactViewController.swift in Sources */ = {isa = PBXBuildFile; fileRef = 304CDD7F1D8622410017D828 /* NewContactViewController.swift */; };
		304CDD831D8622410017D828 /* Main.storyboard in Resources */ = {isa = PBXBuildFile; fileRef = 304CDD811D8622410017D828 /* Main.storyboard */; };
		304CDD851D8622410017D828 /* Assets.xcassets in Resources */ = {isa = PBXBuildFile; fileRef = 304CDD841D8622410017D828 /* Assets.xcassets */; };
		304CDD881D8622410017D828 /* LaunchScreen.storyboard in Resources */ = {isa = PBXBuildFile; fileRef = 304CDD861D8622410017D828 /* LaunchScreen.storyboard */; };
		304CDD911D8643160017D828 /* splash.png in Resources */ = {isa = PBXBuildFile; fileRef = 304CDD901D8643160017D828 /* splash.png */; };
		304CDD961D868E8D0017D828 /* ContactImage.png in Resources */ = {isa = PBXBuildFile; fileRef = 304CDD941D868E8D0017D828 /* ContactImage.png */; };
		304CDD971D868E8D0017D828 /* NewContactImage.png in Resources */ = {isa = PBXBuildFile; fileRef = 304CDD951D868E8D0017D828 /* NewContactImage.png */; };
/* End PBXBuildFile section */

/* Begin PBXFileReference section */
		304CDD781D8622400017D828 /* RegistroContactos.app */ = {isa = PBXFileReference; explicitFileType = wrapper.application; includeInIndex = 0; path = RegistroContactos.app; sourceTree = BUILT_PRODUCTS_DIR; };
		304CDD7B1D8622410017D828 /* AppDelegate.swift */ = {isa = PBXFileReference; lastKnownFileType = sourcecode.swift; path = AppDelegate.swift; sourceTree = "<group>"; };
		304CDD7D1D8622410017D828 /* ContactListViewController.swift */ = {isa = PBXFileReference; lastKnownFileType = sourcecode.swift; path = ContactListViewController.swift; sourceTree = "<group>"; };
		304CDD7F1D8622410017D828 /* NewContactViewController.swift */ = {isa = PBXFileReference; lastKnownFileType = sourcecode.swift; path = NewContactViewController.swift; sourceTree = "<group>"; };
		304CDD821D8622410017D828 /* Base */ = {isa = PBXFileReference; lastKnownFileType = file.storyboard; name = Base; path = Base.lproj/Main.storyboard; sourceTree = "<group>"; };
		304CDD841D8622410017D828 /* Assets.xcassets */ = {isa = PBXFileReference; lastKnownFileType = folder.assetcatalog; path = Assets.xcassets; sourceTree = "<group>"; };
		304CDD871D8622410017D828 /* Base */ = {isa = PBXFileReference; lastKnownFileType = file.storyboard; name = Base; path = Base.lproj/LaunchScreen.storyboard; sourceTree = "<group>"; };
		304CDD891D8622410017D828 /* Info.plist */ = {isa = PBXFileReference; lastKnownFileType = text.plist.xml; path = Info.plist; sourceTree = "<group>"; };
		304CDD901D8643160017D828 /* splash.png */ = {isa = PBXFileReference; lastKnownFileType = image.png; path = splash.png; sourceTree = "<group>"; };
		304CDD941D868E8D0017D828 /* ContactImage.png */ = {isa = PBXFileReference; lastKnownFileType = image.png; path = ContactImage.png; sourceTree = "<group>"; };
		304CDD951D868E8D0017D828 /* NewContactImage.png */ = {isa = PBXFileReference; lastKnownFileType = image.png; path = NewContactImage.png; sourceTree = "<group>"; };
/* End PBXFileReference section */

/* Begin PBXFrameworksBuildPhase section */
		304CDD751D8622400017D828 /* Frameworks */ = {
			isa = PBXFrameworksBuildPhase;
			buildActionMask = 2147483647;
			files = (
			);
			runOnlyForDeploymentPostprocessing = 0;
		};
/* End PBXFrameworksBuildPhase section */

/* Begin PBXGroup section */
		304CDD6F1D8622400017D828 = {
			isa = PBXGroup;
			children = (
				304CDD7A1D8622410017D828 /* RegistroContactos */,
				304CDD791D8622400017D828 /* Products */,
			);
			sourceTree = "<group>";
		};
		304CDD791D8622400017D828 /* Products */ = {
			isa = PBXGroup;
			children = (
				304CDD781D8622400017D828 /* RegistroContactos.app */,
			);
			name = Products;
			sourceTree = "<group>";
		};
		304CDD7A1D8622410017D828 /* RegistroContactos */ = {
			isa = PBXGroup;
			children = (
				304CDD931D86745E0017D828 /* BusinessControllers */,
				304CDD921D8674520017D828 /* ViewControllers */,
				304CDD8F1D8642F80017D828 /* Resources */,
				304CDD7B1D8622410017D828 /* AppDelegate.swift */,
				304CDD811D8622410017D828 /* Main.storyboard */,
				304CDD841D8622410017D828 /* Assets.xcassets */,
				304CDD861D8622410017D828 /* LaunchScreen.storyboard */,
				304CDD891D8622410017D828 /* Info.plist */,
			);
			path = RegistroContactos;
			sourceTree = "<group>";
		};
		304CDD8F1D8642F80017D828 /* Resources */ = {
			isa = PBXGroup;
			children = (
				304CDD941D868E8D0017D828 /* ContactImage.png */,
				304CDD951D868E8D0017D828 /* NewContactImage.png */,
				304CDD901D8643160017D828 /* splash.png */,
			);
			name = Resources;
			sourceTree = "<group>";
		};
		304CDD921D8674520017D828 /* ViewControllers */ = {
			isa = PBXGroup;
			children = (
				304CDD7D1D8622410017D828 /* ContactListViewController.swift */,
				304CDD7F1D8622410017D828 /* NewContactViewController.swift */,
			);
			name = ViewControllers;
			sourceTree = "<group>";
		};
		304CDD931D86745E0017D828 /* BusinessControllers */ = {
			isa = PBXGroup;
			children = (
			);
			name = BusinessControllers;
			sourceTree = "<group>";
		};
/* End PBXGroup section */

/* Begin PBXNativeTarget section */
		304CDD771D8622400017D828 /* RegistroContactos */ = {
			isa = PBXNativeTarget;
			buildConfigurationList = 304CDD8C1D8622410017D828 /* Build configuration list for PBXNativeTarget "RegistroContactos" */;
			buildPhases = (
				304CDD741D8622400017D828 /* Sources */,
				304CDD751D8622400017D828 /* Frameworks */,
				304CDD761D8622400017D828 /* Resources */,
			);
			buildRules = (
			);
			dependencies = (
			);
			name = RegistroContactos;
			productName = RegistroContactos;
			productReference = 304CDD781D8622400017D828 /* RegistroContactos.app */;
			productType = "com.apple.product-type.application";
		};
/* End PBXNativeTarget section */

/* Begin PBXProject section */
		304CDD701D8622400017D828 /* Project object */ = {
			isa = PBXProject;
			attributes = {
				LastSwiftUpdateCheck = 0730;
				LastUpgradeCheck = 0730;
				ORGANIZATIONNAME = RGStudio;
				TargetAttributes = {
					304CDD771D8622400017D828 = {
						CreatedOnToolsVersion = 7.3.1;
					};
				};
			};
			buildConfigurationList = 304CDD731D8622400017D828 /* Build configuration list for PBXProject "RegistroContactos" */;
			compatibilityVersion = "Xcode 3.2";
			developmentRegion = English;
			hasScannedForEncodings = 0;
			knownRegions = (
				en,
				Base,
			);
			mainGroup = 304CDD6F1D8622400017D828;
			productRefGroup = 304CDD791D8622400017D828 /* Products */;
			projectDirPath = "";
			projectRoot = "";
			targets = (
				304CDD771D8622400017D828 /* RegistroContactos */,
			);
		};
/* End PBXProject section */

/* Begin PBXResourcesBuildPhase section */
		304CDD761D8622400017D828 /* Resources */ = {
			isa = PBXResourcesBuildPhase;
			buildActionMask = 2147483647;
			files = (
				304CDD911D8643160017D828 /* splash.png in Resources */,
				304CDD881D8622410017D828 /* LaunchScreen.storyboard in Resources */,
				304CDD851D8622410017D828 /* Assets.xcassets in Resources */,
				304CDD971D868E8D0017D828 /* NewContactImage.png in Resources */,
				304CDD831D8622410017D828 /* Main.storyboard in Resources */,
				304CDD961D868E8D0017D828 /* ContactImage.png in Resources */,
			);
			runOnlyForDeploymentPostprocessing = 0;
		};
/* End PBXResourcesBuildPhase section */

/* Begin PBXSourcesBuildPhase section */
		304CDD741D8622400017D828 /* Sources */ = {
			isa = PBXSourcesBuildPhase;
			buildActionMask = 2147483647;
			files = (
				304CDD801D8622410017D828 /* NewContactViewController.swift in Sources */,
				304CDD7C1D8622410017D828 /* AppDelegate.swift in Sources */,
				304CDD7E1D8622410017D828 /* ContactListViewController.swift in Sources */,
			);
			runOnlyForDeploymentPostprocessing = 0;
		};
/* End PBXSourcesBuildPhase section */

/* Begin PBXVariantGroup section */
		304CDD811D8622410017D828 /* Main.storyboard */ = {
			isa = PBXVariantGroup;
			children = (
				304CDD821D8622410017D828 /* Base */,
			);
			name = Main.storyboard;
			sourceTree = "<group>";
		};
		304CDD861D8622410017D828 /* LaunchScreen.storyboard */ = {
			isa = PBXVariantGroup;
			children = (
				304CDD871D8622410017D828 /* Base */,
			);
			name = LaunchScreen.storyboard;
			sourceTree = "<group>";
		};
/* End PBXVariantGroup section */

/* Begin XCBuildConfiguration section */
		304CDD8A1D8622410017D828 /* Debug */ = {
			isa = XCBuildConfiguration;
			buildSettings = {
				ALWAYS_SEARCH_USER_PATHS = NO;
				CLANG_ANALYZER_NONNULL = YES;
				CLANG_CXX_LANGUAGE_STANDARD = "gnu++0x";
				CLANG_CXX_LIBRARY = "libc++";
				CLANG_ENABLE_MODULES = YES;
				CLANG_ENABLE_OBJC_ARC = YES;
				CLANG_WARN_BOOL_CONVERSION = YES;
				CLANG_WARN_CONSTANT_CONVERSION = YES;
				CLANG_WARN_DIRECT_OBJC_ISA_USAGE = YES_ERROR;
				CLANG_WARN_EMPTY_BODY = YES;
				CLANG_WARN_ENUM_CONVERSION = YES;
				CLANG_WARN_INT_CONVERSION = YES;
				CLANG_WARN_OBJC_ROOT_CLASS = YES_ERROR;
				CLANG_WARN_UNREACHABLE_CODE = YES;
				CLANG_WARN__DUPLICATE_METHOD_MATCH = YES;
				"CODE_SIGN_IDENTITY[sdk=iphoneos*]" = "iPhone Developer";
				COPY_PHASE_STRIP = NO;
				DEBUG_INFORMATION_FORMAT = dwarf;
				ENABLE_STRICT_OBJC_MSGSEND = YES;
				ENABLE_TESTABILITY = YES;
				GCC_C_LANGUAGE_STANDARD = gnu99;
				GCC_DYNAMIC_NO_PIC = NO;
				GCC_NO_COMMON_BLOCKS = YES;
				GCC_OPTIMIZATION_LEVEL = 0;
				GCC_PREPROCESSOR_DEFINITIONS = (
					"DEBUG=1",
					"$(inherited)",
				);
				GCC_WARN_64_TO_32_BIT_CONVERSION = YES;
				GCC_WARN_ABOUT_RETURN_TYPE = YES_ERROR;
				GCC_WARN_UNDECLARED_SELECTOR = YES;
				GCC_WARN_UNINITIALIZED_AUTOS = YES_AGGRESSIVE;
				GCC_WARN_UNUSED_FUNCTION = YES;
				GCC_WARN_UNUSED_VARIABLE = YES;
				IPHONEOS_DEPLOYMENT_TARGET = 9.3;
				MTL_ENABLE_DEBUG_INFO = YES;
				ONLY_ACTIVE_ARCH = YES;
				SDKROOT = iphoneos;
				SWIFT_OPTIMIZATION_LEVEL = "-Onone";
				TARGETED_DEVICE_FAMILY = "1,2";
			};
			name = Debug;
		};
		304CDD8B1D8622410017D828 /* Release */ = {
			isa = XCBuildConfiguration;
			buildSettings = {
				ALWAYS_SEARCH_USER_PATHS = NO;
				CLANG_ANALYZER_NONNULL = YES;
				CLANG_CXX_LANGUAGE_STANDARD = "gnu++0x";
				CLANG_CXX_LIBRARY = "libc++";
				CLANG_ENABLE_MODULES = YES;
				CLANG_ENABLE_OBJC_ARC = YES;
				CLANG_WARN_BOOL_CONVERSION = YES;
				CLANG_WARN_CONSTANT_CONVERSION = YES;
				CLANG_WARN_DIRECT_OBJC_ISA_USAGE = YES_ERROR;
				CLANG_WARN_EMPTY_BODY = YES;
				CLANG_WARN_ENUM_CONVERSION = YES;
				CLANG_WARN_INT_CONVERSION = YES;
				CLANG_WARN_OBJC_ROOT_CLASS = YES_ERROR;
				CLANG_WARN_UNREACHABLE_CODE = YES;
				CLANG_WARN__DUPLICATE_METHOD_MATCH = YES;
				"CODE_SIGN_IDENTITY[sdk=iphoneos*]" = "iPhone Developer";
				COPY_PHASE_STRIP = NO;
				DEBUG_INFORMATION_FORMAT = "dwarf-with-dsym";
				ENABLE_NS_ASSERTIONS = NO;
				ENABLE_STRICT_OBJC_MSGSEND = YES;
				GCC_C_LANGUAGE_STANDARD = gnu99;
				GCC_NO_COMMON_BLOCKS = YES;
				GCC_WARN_64_TO_32_BIT_CONVERSION = YES;
				GCC_WARN_ABOUT_RETURN_TYPE = YES_ERROR;
				GCC_WARN_UNDECLARED_SELECTOR = YES;
				GCC_WARN_UNINITIALIZED_AUTOS = YES_AGGRESSIVE;
				GCC_WARN_UNUSED_FUNCTION = YES;
				GCC_WARN_UNUSED_VARIABLE = YES;
				IPHONEOS_DEPLOYMENT_TARGET = 9.3;
				MTL_ENABLE_DEBUG_INFO = NO;
				SDKROOT = iphoneos;
				TARGETED_DEVICE_FAMILY = "1,2";
				VALIDATE_PRODUCT = YES;
			};
			name = Release;
		};
		304CDD8D1D8622410017D828 /* Debug */ = {
			isa = XCBuildConfiguration;
			buildSettings = {
				ASSETCATALOG_COMPILER_APPICON_NAME = AppIcon;
				INFOPLIST_FILE = RegistroContactos/Info.plist;
				LD_RUNPATH_SEARCH_PATHS = "$(inherited) @executable_path/Frameworks";
				PRODUCT_BUNDLE_IDENTIFIER = com.rgstudio.RegistroContactos;
				PRODUCT_NAME = "$(TARGET_NAME)";
			};
			name = Debug;
		};
		304CDD8E1D8622410017D828 /* Release */ = {
			isa = XCBuildConfiguration;
			buildSettings = {
				ASSETCATALOG_COMPILER_APPICON_NAME = AppIcon;
				INFOPLIST_FILE = RegistroContactos/Info.plist;
				LD_RUNPATH_SEARCH_PATHS = "$(inherited) @executable_path/Frameworks";
				PRODUCT_BUNDLE_IDENTIFIER = com.rgstudio.RegistroContactos;
				PRODUCT_NAME = "$(TARGET_NAME)";
			};
			name = Release;
		};
/* End XCBuildConfiguration section */

/* Begin XCConfigurationList section */
		304CDD731D8622400017D828 /* Build configuration list for PBXProject "RegistroContactos" */ = {
			isa = XCConfigurationList;
			buildConfigurations = (
				304CDD8A1D8622410017D828 /* Debug */,
				304CDD8B1D8622410017D828 /* Release */,
			);
			defaultConfigurationIsVisible = 0;
			defaultConfigurationName = Release;
		};
		304CDD8C1D8622410017D828 /* Build configuration list for PBXNativeTarget "RegistroContactos" */ = {
			isa = XCConfigurationList;
			buildConfigurations = (
				304CDD8D1D8622410017D828 /* Debug */,
				304CDD8E1D8622410017D828 /* Release */,
			);
			defaultConfigurationIsVisible = 0;
		};
/* End XCConfigurationList section */
	};
	rootObject = 304CDD701D8622400017D828 /* Project object */;
}
